
Microsoft Visual Studio Solution File, Format Version 12.00
# Visual Studio Version 17
VisualStudioVersion = 17.3.32922.545
MinimumVisualStudioVersion = 10.0.40219.1
Project("{9A19103F-16F7-4668-BE54-9A1E7A4F7556}") = "API", "API\API.csproj", "{F7CC934B-AB83-4952-9B96-E497CA6216FB}"
EndProject
Project("{9A19103F-16F7-4668-BE54-9A1E7A4F7556}") = "Domain", "Domain\Domain.csproj", "{5AA67450-4C0F-41EF-A8D8-35A4FD05B4FF}"
EndProject
Project("{9A19103F-16F7-4668-BE54-9A1E7A4F7556}") = "Application", "Application\Application.csproj", "{2DF9303C-A9B1-48F1-ABA9-D323EAEE26DA}"
EndProject
Project("{9A19103F-16F7-4668-BE54-9A1E7A4F7556}") = "Persistence", "Persistence\Persistence.csproj", "{C0780A38-3505-4F2B-B96C-82A8EFBCCC87}"
EndProject
Project("{FAE04EC0-301F-11D3-BF4B-00C04F79EFBC}") = "Infrastructure", "Infrastructure\Infrastructure.csproj", "{7B2B4DF2-6E4B-4499-91D2-BF6B824DE456}"
EndProject
Global
	GlobalSection(SolutionConfigurationPlatforms) = preSolution
		Debug|Any CPU = Debug|Any CPU
		Release|Any CPU = Release|Any CPU
	EndGlobalSection
	GlobalSection(ProjectConfigurationPlatforms) = postSolution
		{F7CC934B-AB83-4952-9B96-E497CA6216FB}.Debug|Any CPU.ActiveCfg = Debug|Any CPU
		{F7CC934B-AB83-4952-9B96-E497CA6216FB}.Debug|Any CPU.Build.0 = Debug|Any CPU
		{F7CC934B-AB83-4952-9B96-E497CA6216FB}.Release|Any CPU.ActiveCfg = Release|Any CPU
		{F7CC934B-AB83-4952-9B96-E497CA6216FB}.Release|Any CPU.Build.0 = Release|Any CPU
		{5AA67450-4C0F-41EF-A8D8-35A4FD05B4FF}.Debug|Any CPU.ActiveCfg = Debug|Any CPU
		{5AA67450-4C0F-41EF-A8D8-35A4FD05B4FF}.Debug|Any CPU.Build.0 = Debug|Any CPU
		{5AA67450-4C0F-41EF-A8D8-35A4FD05B4FF}.Release|Any CPU.ActiveCfg = Release|Any CPU
		{5AA67450-4C0F-41EF-A8D8-35A4FD05B4FF}.Release|Any CPU.Build.0 = Release|Any CPU
		{2DF9303C-A9B1-48F1-ABA9-D323EAEE26DA}.Debug|Any CPU.ActiveCfg = Debug|Any CPU
		{2DF9303C-A9B1-48F1-ABA9-D323EAEE26DA}.Debug|Any CPU.Build.0 = Debug|Any CPU
		{2DF9303C-A9B1-48F1-ABA9-D323EAEE26DA}.Release|Any CPU.ActiveCfg = Release|Any CPU
		{2DF9303C-A9B1-48F1-ABA9-D323EAEE26DA}.Release|Any CPU.Build.0 = Release|Any CPU
		{C0780A38-3505-4F2B-B96C-82A8EFBCCC87}.Debug|Any CPU.ActiveCfg = Debug|Any CPU
		{C0780A38-3505-4F2B-B96C-82A8EFBCCC87}.Debug|Any CPU.Build.0 = Debug|Any CPU
		{C0780A38-3505-4F2B-B96C-82A8EFBCCC87}.Release|Any CPU.ActiveCfg = Release|Any CPU
		{C0780A38-3505-4F2B-B96C-82A8EFBCCC87}.Release|Any CPU.Build.0 = Release|Any CPU
		{7B2B4DF2-6E4B-4499-91D2-BF6B824DE456}.Debug|Any CPU.ActiveCfg = Debug|Any CPU
		{7B2B4DF2-6E4B-4499-91D2-BF6B824DE456}.Debug|Any CPU.Build.0 = Debug|Any CPU
		{7B2B4DF2-6E4B-4499-91D2-BF6B824DE456}.Release|Any CPU.ActiveCfg = Release|Any CPU
		{7B2B4DF2-6E4B-4499-91D2-BF6B824DE456}.Release|Any CPU.Build.0 = Release|Any CPU
	EndGlobalSection
	GlobalSection(SolutionProperties) = preSolution
		HideSolutionNode = FALSE
	EndGlobalSection
	GlobalSection(ExtensibilityGlobals) = postSolution
		SolutionGuid = {74FC9549-4718-4939-8AA6-46FA102ED993}
	EndGlobalSection
EndGlobal
